
Microsoft Visual Studio Solution File, Format Version 12.00
# Visual Studio Version 17
VisualStudioVersion = 17.12.35707.178 d17.12
MinimumVisualStudioVersion = 10.0.40219.1
Project("{FAE04EC0-301F-11D3-BF4B-00C04F79EFBC}") = "ClassroomBooking.Presentation", "ClassroomBooking.Presentation\ClassroomBooking.Presentation.csproj", "{16BCD408-3A27-4702-84B2-6705E17DDB04}"
EndProject
Project("{FAE04EC0-301F-11D3-BF4B-00C04F79EFBC}") = "ClassroomBooking.Service", "ClassroomBooking.Service\ClassroomBooking.Service.csproj", "{719760E7-110D-4397-BF25-181D179E99BB}"
EndProject
Project("{FAE04EC0-301F-11D3-BF4B-00C04F79EFBC}") = "ClassroomBooking.Repository", "ClassroomBooking.Repository\ClassroomBooking.Repository.csproj", "{6D049FC7-EC7D-4444-92D0-1E32AD84B3BE}"
EndProject
Global
	GlobalSection(SolutionConfigurationPlatforms) = preSolution
		Debug|Any CPU = Debug|Any CPU
		Release|Any CPU = Release|Any CPU
	EndGlobalSection
	GlobalSection(ProjectConfigurationPlatforms) = postSolution
		{16BCD408-3A27-4702-84B2-6705E17DDB04}.Debug|Any CPU.ActiveCfg = Debug|Any CPU
		{16BCD408-3A27-4702-84B2-6705E17DDB04}.Debug|Any CPU.Build.0 = Debug|Any CPU
		{16BCD408-3A27-4702-84B2-6705E17DDB04}.Release|Any CPU.ActiveCfg = Release|Any CPU
		{16BCD408-3A27-4702-84B2-6705E17DDB04}.Release|Any CPU.Build.0 = Release|Any CPU
		{719760E7-110D-4397-BF25-181D179E99BB}.Debug|Any CPU.ActiveCfg = Debug|Any CPU
		{719760E7-110D-4397-BF25-181D179E99BB}.Debug|Any CPU.Build.0 = Debug|Any CPU
		{719760E7-110D-4397-BF25-181D179E99BB}.Release|Any CPU.ActiveCfg = Release|Any CPU
		{719760E7-110D-4397-BF25-181D179E99BB}.Release|Any CPU.Build.0 = Release|Any CPU
		{6D049FC7-EC7D-4444-92D0-1E32AD84B3BE}.Debug|Any CPU.ActiveCfg = Debug|Any CPU
		{6D049FC7-EC7D-4444-92D0-1E32AD84B3BE}.Debug|Any CPU.Build.0 = Debug|Any CPU
		{6D049FC7-EC7D-4444-92D0-1E32AD84B3BE}.Release|Any CPU.ActiveCfg = Release|Any CPU
		{6D049FC7-EC7D-4444-92D0-1E32AD84B3BE}.Release|Any CPU.Build.0 = Release|Any CPU
	EndGlobalSection
	GlobalSection(SolutionProperties) = preSolution
		HideSolutionNode = FALSE
	EndGlobalSection
EndGlobal
